
Microsoft Visual Studio Solution File, Format Version 12.00
# Visual Studio 14
VisualStudioVersion = 14.0.25123.0
MinimumVisualStudioVersion = 10.0.40219.1
Project("{FAE04EC0-301F-11D3-BF4B-00C04F79EFBC}") = "FormContainer.Droid", "FormContainer\FormContainer.Droid\FormContainer.Droid.csproj", "{10C0CE61-BE18-46C6-B3D8-FB438406E782}"
EndProject
Project("{FAE04EC0-301F-11D3-BF4B-00C04F79EFBC}") = "FormContainer.iOS", "FormContainer\FormContainer.iOS\FormContainer.iOS.csproj", "{29604083-BBE8-4B71-AF1D-04C4938E3E7D}"
EndProject
Project("{FAE04EC0-301F-11D3-BF4B-00C04F79EFBC}") = "FormContainer.WinPhone", "FormContainer\FormContainer.WinPhone\FormContainer.WinPhone.csproj", "{9069EE6D-D664-4AF8-B268-F23DA2767EC6}"
EndProject
Project("{FAE04EC0-301F-11D3-BF4B-00C04F79EFBC}") = "FormContainer.UWP", "FormContainer\FormContainer.UWP\FormContainer.UWP.csproj", "{BD28D54A-1413-45FF-B520-67D2F2225427}"
EndProject
Project("{FAE04EC0-301F-11D3-BF4B-00C04F79EFBC}") = "FormContainer.Windows", "FormContainer\FormContainer.Windows\FormContainer.Windows.csproj", "{FC5C5477-0A1B-40B1-B1F8-EE9B44585648}"
EndProject
Project("{FAE04EC0-301F-11D3-BF4B-00C04F79EFBC}") = "FormContainer", "FormContainer\FormContainer\FormContainer.csproj", "{3E8F8C21-792D-42A1-B875-3D2CE03350E0}"
EndProject
Global
	GlobalSection(SolutionConfigurationPlatforms) = preSolution
		Ad-Hoc|Any CPU = Ad-Hoc|Any CPU
		Ad-Hoc|ARM = Ad-Hoc|ARM
		Ad-Hoc|iPhone = Ad-Hoc|iPhone
		Ad-Hoc|iPhoneSimulator = Ad-Hoc|iPhoneSimulator
		Ad-Hoc|x64 = Ad-Hoc|x64
		Ad-Hoc|x86 = Ad-Hoc|x86
		AppStore|Any CPU = AppStore|Any CPU
		AppStore|ARM = AppStore|ARM
		AppStore|iPhone = AppStore|iPhone
		AppStore|iPhoneSimulator = AppStore|iPhoneSimulator
		AppStore|x64 = AppStore|x64
		AppStore|x86 = AppStore|x86
		Debug|Any CPU = Debug|Any CPU
		Debug|ARM = Debug|ARM
		Debug|iPhone = Debug|iPhone
		Debug|iPhoneSimulator = Debug|iPhoneSimulator
		Debug|x64 = Debug|x64
		Debug|x86 = Debug|x86
		Release|Any CPU = Release|Any CPU
		Release|ARM = Release|ARM
		Release|iPhone = Release|iPhone
		Release|iPhoneSimulator = Release|iPhoneSimulator
		Release|x64 = Release|x64
		Release|x86 = Release|x86
	EndGlobalSection
	GlobalSection(ProjectConfigurationPlatforms) = postSolution
		{10C0CE61-BE18-46C6-B3D8-FB438406E782}.Ad-Hoc|Any CPU.ActiveCfg = Release|Any CPU
		{10C0CE61-BE18-46C6-B3D8-FB438406E782}.Ad-Hoc|Any CPU.Build.0 = Release|Any CPU
		{10C0CE61-BE18-46C6-B3D8-FB438406E782}.Ad-Hoc|Any CPU.Deploy.0 = Release|Any CPU
		{10C0CE61-BE18-46C6-B3D8-FB438406E782}.Ad-Hoc|ARM.ActiveCfg = Release|Any CPU
		{10C0CE61-BE18-46C6-B3D8-FB438406E782}.Ad-Hoc|ARM.Build.0 = Release|Any CPU
		{10C0CE61-BE18-46C6-B3D8-FB438406E782}.Ad-Hoc|ARM.Deploy.0 = Release|Any CPU
		{10C0CE61-BE18-46C6-B3D8-FB438406E782}.Ad-Hoc|iPhone.ActiveCfg = Release|Any CPU
		{10C0CE61-BE18-46C6-B3D8-FB438406E782}.Ad-Hoc|iPhone.Build.0 = Release|Any CPU
		{10C0CE61-BE18-46C6-B3D8-FB438406E782}.Ad-Hoc|iPhone.Deploy.0 = Release|Any CPU
		{10C0CE61-BE18-46C6-B3D8-FB438406E782}.Ad-Hoc|iPhoneSimulator.ActiveCfg = Release|Any CPU
		{10C0CE61-BE18-46C6-B3D8-FB438406E782}.Ad-Hoc|iPhoneSimulator.Build.0 = Release|Any CPU
		{10C0CE61-BE18-46C6-B3D8-FB438406E782}.Ad-Hoc|iPhoneSimulator.Deploy.0 = Release|Any CPU
		{10C0CE61-BE18-46C6-B3D8-FB438406E782}.Ad-Hoc|x64.ActiveCfg = Release|Any CPU
		{10C0CE61-BE18-46C6-B3D8-FB438406E782}.Ad-Hoc|x64.Build.0 = Release|Any CPU
		{10C0CE61-BE18-46C6-B3D8-FB438406E782}.Ad-Hoc|x64.Deploy.0 = Release|Any CPU
		{10C0CE61-BE18-46C6-B3D8-FB438406E782}.Ad-Hoc|x86.ActiveCfg = Release|Any CPU
		{10C0CE61-BE18-46C6-B3D8-FB438406E782}.Ad-Hoc|x86.Build.0 = Release|Any CPU
		{10C0CE61-BE18-46C6-B3D8-FB438406E782}.Ad-Hoc|x86.Deploy.0 = Release|Any CPU
		{10C0CE61-BE18-46C6-B3D8-FB438406E782}.AppStore|Any CPU.ActiveCfg = Release|Any CPU
		{10C0CE61-BE18-46C6-B3D8-FB438406E782}.AppStore|Any CPU.Build.0 = Release|Any CPU
		{10C0CE61-BE18-46C6-B3D8-FB438406E782}.AppStore|Any CPU.Deploy.0 = Release|Any CPU
		{10C0CE61-BE18-46C6-B3D8-FB438406E782}.AppStore|ARM.ActiveCfg = Release|Any CPU
		{10C0CE61-BE18-46C6-B3D8-FB438406E782}.AppStore|ARM.Build.0 = Release|Any CPU
		{10C0CE61-BE18-46C6-B3D8-FB438406E782}.AppStore|ARM.Deploy.0 = Release|Any CPU
		{10C0CE61-BE18-46C6-B3D8-FB438406E782}.AppStore|iPhone.ActiveCfg = Release|Any CPU
		{10C0CE61-BE18-46C6-B3D8-FB438406E782}.AppStore|iPhone.Build.0 = Release|Any CPU
		{10C0CE61-BE18-46C6-B3D8-FB438406E782}.AppStore|iPhone.Deploy.0 = Release|Any CPU
		{10C0CE61-BE18-46C6-B3D8-FB438406E782}.AppStore|iPhoneSimulator.ActiveCfg = Release|Any CPU
		{10C0CE61-BE18-46C6-B3D8-FB438406E782}.AppStore|iPhoneSimulator.Build.0 = Release|Any CPU
		{10C0CE61-BE18-46C6-B3D8-FB438406E782}.AppStore|iPhoneSimulator.Deploy.0 = Release|Any CPU
		{10C0CE61-BE18-46C6-B3D8-FB438406E782}.AppStore|x64.ActiveCfg = Release|Any CPU
		{10C0CE61-BE18-46C6-B3D8-FB438406E782}.AppStore|x64.Build.0 = Release|Any CPU
		{10C0CE61-BE18-46C6-B3D8-FB438406E782}.AppStore|x64.Deploy.0 = Release|Any CPU
		{10C0CE61-BE18-46C6-B3D8-FB438406E782}.AppStore|x86.ActiveCfg = Release|Any CPU
		{10C0CE61-BE18-46C6-B3D8-FB438406E782}.AppStore|x86.Build.0 = Release|Any CPU
		{10C0CE61-BE18-46C6-B3D8-FB438406E782}.AppStore|x86.Deploy.0 = Release|Any CPU
		{10C0CE61-BE18-46C6-B3D8-FB438406E782}.Debug|Any CPU.ActiveCfg = Debug|Any CPU
		{10C0CE61-BE18-46C6-B3D8-FB438406E782}.Debug|Any CPU.Build.0 = Debug|Any CPU
		{10C0CE61-BE18-46C6-B3D8-FB438406E782}.Debug|Any CPU.Deploy.0 = Debug|Any CPU
		{10C0CE61-BE18-46C6-B3D8-FB438406E782}.Debug|ARM.ActiveCfg = Debug|Any CPU
		{10C0CE61-BE18-46C6-B3D8-FB438406E782}.Debug|ARM.Build.0 = Debug|Any CPU
		{10C0CE61-BE18-46C6-B3D8-FB438406E782}.Debug|ARM.Deploy.0 = Debug|Any CPU
		{10C0CE61-BE18-46C6-B3D8-FB438406E782}.Debug|iPhone.ActiveCfg = Debug|Any CPU
		{10C0CE61-BE18-46C6-B3D8-FB438406E782}.Debug|iPhone.Build.0 = Debug|Any CPU
		{10C0CE61-BE18-46C6-B3D8-FB438406E782}.Debug|iPhone.Deploy.0 = Debug|Any CPU
		{10C0CE61-BE18-46C6-B3D8-FB438406E782}.Debug|iPhoneSimulator.ActiveCfg = Debug|Any CPU
		{10C0CE61-BE18-46C6-B3D8-FB438406E782}.Debug|iPhoneSimulator.Build.0 = Debug|Any CPU
		{10C0CE61-BE18-46C6-B3D8-FB438406E782}.Debug|iPhoneSimulator.Deploy.0 = Debug|Any CPU
		{10C0CE61-BE18-46C6-B3D8-FB438406E782}.Debug|x64.ActiveCfg = Debug|Any CPU
		{10C0CE61-BE18-46C6-B3D8-FB438406E782}.Debug|x64.Build.0 = Debug|Any CPU
		{10C0CE61-BE18-46C6-B3D8-FB438406E782}.Debug|x64.Deploy.0 = Debug|Any CPU
		{10C0CE61-BE18-46C6-B3D8-FB438406E782}.Debug|x86.ActiveCfg = Debug|Any CPU
		{10C0CE61-BE18-46C6-B3D8-FB438406E782}.Debug|x86.Build.0 = Debug|Any CPU
		{10C0CE61-BE18-46C6-B3D8-FB438406E782}.Debug|x86.Deploy.0 = Debug|Any CPU
		{10C0CE61-BE18-46C6-B3D8-FB438406E782}.Release|Any CPU.ActiveCfg = Release|Any CPU
		{10C0CE61-BE18-46C6-B3D8-FB438406E782}.Release|Any CPU.Build.0 = Release|Any CPU
		{10C0CE61-BE18-46C6-B3D8-FB438406E782}.Release|Any CPU.Deploy.0 = Release|Any CPU
		{10C0CE61-BE18-46C6-B3D8-FB438406E782}.Release|ARM.ActiveCfg = Release|Any CPU
		{10C0CE61-BE18-46C6-B3D8-FB438406E782}.Release|ARM.Build.0 = Release|Any CPU
		{10C0CE61-BE18-46C6-B3D8-FB438406E782}.Release|ARM.Deploy.0 = Release|Any CPU
		{10C0CE61-BE18-46C6-B3D8-FB438406E782}.Release|iPhone.ActiveCfg = Release|Any CPU
		{10C0CE61-BE18-46C6-B3D8-FB438406E782}.Release|iPhone.Build.0 = Release|Any CPU
		{10C0CE61-BE18-46C6-B3D8-FB438406E782}.Release|iPhone.Deploy.0 = Release|Any CPU
		{10C0CE61-BE18-46C6-B3D8-FB438406E782}.Release|iPhoneSimulator.ActiveCfg = Release|Any CPU
		{10C0CE61-BE18-46C6-B3D8-FB438406E782}.Release|iPhoneSimulator.Build.0 = Release|Any CPU
		{10C0CE61-BE18-46C6-B3D8-FB438406E782}.Release|iPhoneSimulator.Deploy.0 = Release|Any CPU
		{10C0CE61-BE18-46C6-B3D8-FB438406E782}.Release|x64.ActiveCfg = Release|Any CPU
		{10C0CE61-BE18-46C6-B3D8-FB438406E782}.Release|x64.Build.0 = Release|Any CPU
		{10C0CE61-BE18-46C6-B3D8-FB438406E782}.Release|x64.Deploy.0 = Release|Any CPU
		{10C0CE61-BE18-46C6-B3D8-FB438406E782}.Release|x86.ActiveCfg = Release|Any CPU
		{10C0CE61-BE18-46C6-B3D8-FB438406E782}.Release|x86.Build.0 = Release|Any CPU
		{10C0CE61-BE18-46C6-B3D8-FB438406E782}.Release|x86.Deploy.0 = Release|Any CPU
		{29604083-BBE8-4B71-AF1D-04C4938E3E7D}.Ad-Hoc|Any CPU.ActiveCfg = Ad-Hoc|iPhone
		{29604083-BBE8-4B71-AF1D-04C4938E3E7D}.Ad-Hoc|ARM.ActiveCfg = Ad-Hoc|iPhone
		{29604083-BBE8-4B71-AF1D-04C4938E3E7D}.Ad-Hoc|iPhone.ActiveCfg = Ad-Hoc|iPhone
		{29604083-BBE8-4B71-AF1D-04C4938E3E7D}.Ad-Hoc|iPhone.Build.0 = Ad-Hoc|iPhone
		{29604083-BBE8-4B71-AF1D-04C4938E3E7D}.Ad-Hoc|iPhoneSimulator.ActiveCfg = Ad-Hoc|iPhoneSimulator
		{29604083-BBE8-4B71-AF1D-04C4938E3E7D}.Ad-Hoc|iPhoneSimulator.Build.0 = Ad-Hoc|iPhoneSimulator
		{29604083-BBE8-4B71-AF1D-04C4938E3E7D}.Ad-Hoc|x64.ActiveCfg = Ad-Hoc|iPhone
		{29604083-BBE8-4B71-AF1D-04C4938E3E7D}.Ad-Hoc|x86.ActiveCfg = Ad-Hoc|iPhone
		{29604083-BBE8-4B71-AF1D-04C4938E3E7D}.AppStore|Any CPU.ActiveCfg = AppStore|iPhone
		{29604083-BBE8-4B71-AF1D-04C4938E3E7D}.AppStore|ARM.ActiveCfg = AppStore|iPhone
		{29604083-BBE8-4B71-AF1D-04C4938E3E7D}.AppStore|iPhone.ActiveCfg = AppStore|iPhone
		{29604083-BBE8-4B71-AF1D-04C4938E3E7D}.AppStore|iPhone.Build.0 = AppStore|iPhone
		{29604083-BBE8-4B71-AF1D-04C4938E3E7D}.AppStore|iPhoneSimulator.ActiveCfg = AppStore|iPhoneSimulator
		{29604083-BBE8-4B71-AF1D-04C4938E3E7D}.AppStore|iPhoneSimulator.Build.0 = AppStore|iPhoneSimulator
		{29604083-BBE8-4B71-AF1D-04C4938E3E7D}.AppStore|x64.ActiveCfg = AppStore|iPhone
		{29604083-BBE8-4B71-AF1D-04C4938E3E7D}.AppStore|x86.ActiveCfg = AppStore|iPhone
		{29604083-BBE8-4B71-AF1D-04C4938E3E7D}.Debug|Any CPU.ActiveCfg = Debug|iPhone
		{29604083-BBE8-4B71-AF1D-04C4938E3E7D}.Debug|ARM.ActiveCfg = Debug|iPhone
		{29604083-BBE8-4B71-AF1D-04C4938E3E7D}.Debug|iPhone.ActiveCfg = Debug|iPhone
		{29604083-BBE8-4B71-AF1D-04C4938E3E7D}.Debug|iPhone.Build.0 = Debug|iPhone
		{29604083-BBE8-4B71-AF1D-04C4938E3E7D}.Debug|iPhoneSimulator.ActiveCfg = Debug|iPhoneSimulator
		{29604083-BBE8-4B71-AF1D-04C4938E3E7D}.Debug|iPhoneSimulator.Build.0 = Debug|iPhoneSimulator
		{29604083-BBE8-4B71-AF1D-04C4938E3E7D}.Debug|x64.ActiveCfg = Debug|iPhone
		{29604083-BBE8-4B71-AF1D-04C4938E3E7D}.Debug|x86.ActiveCfg = Debug|iPhone
		{29604083-BBE8-4B71-AF1D-04C4938E3E7D}.Release|Any CPU.ActiveCfg = Release|iPhone
		{29604083-BBE8-4B71-AF1D-04C4938E3E7D}.Release|ARM.ActiveCfg = Release|iPhone
		{29604083-BBE8-4B71-AF1D-04C4938E3E7D}.Release|iPhone.ActiveCfg = Release|iPhone
		{29604083-BBE8-4B71-AF1D-04C4938E3E7D}.Release|iPhone.Build.0 = Release|iPhone
		{29604083-BBE8-4B71-AF1D-04C4938E3E7D}.Release|iPhoneSimulator.ActiveCfg = Release|iPhoneSimulator
		{29604083-BBE8-4B71-AF1D-04C4938E3E7D}.Release|iPhoneSimulator.Build.0 = Release|iPhoneSimulator
		{29604083-BBE8-4B71-AF1D-04C4938E3E7D}.Release|x64.ActiveCfg = Release|iPhone
		{29604083-BBE8-4B71-AF1D-04C4938E3E7D}.Release|x86.ActiveCfg = Release|iPhone
		{9069EE6D-D664-4AF8-B268-F23DA2767EC6}.Ad-Hoc|Any CPU.ActiveCfg = Release|Any CPU
		{9069EE6D-D664-4AF8-B268-F23DA2767EC6}.Ad-Hoc|Any CPU.Build.0 = Release|Any CPU
		{9069EE6D-D664-4AF8-B268-F23DA2767EC6}.Ad-Hoc|Any CPU.Deploy.0 = Release|Any CPU
		{9069EE6D-D664-4AF8-B268-F23DA2767EC6}.Ad-Hoc|ARM.ActiveCfg = Release|ARM
		{9069EE6D-D664-4AF8-B268-F23DA2767EC6}.Ad-Hoc|ARM.Build.0 = Release|ARM
		{9069EE6D-D664-4AF8-B268-F23DA2767EC6}.Ad-Hoc|ARM.Deploy.0 = Release|ARM
		{9069EE6D-D664-4AF8-B268-F23DA2767EC6}.Ad-Hoc|iPhone.ActiveCfg = Release|Any CPU
		{9069EE6D-D664-4AF8-B268-F23DA2767EC6}.Ad-Hoc|iPhone.Build.0 = Release|Any CPU
		{9069EE6D-D664-4AF8-B268-F23DA2767EC6}.Ad-Hoc|iPhone.Deploy.0 = Release|Any CPU
		{9069EE6D-D664-4AF8-B268-F23DA2767EC6}.Ad-Hoc|iPhoneSimulator.ActiveCfg = Release|Any CPU
		{9069EE6D-D664-4AF8-B268-F23DA2767EC6}.Ad-Hoc|iPhoneSimulator.Build.0 = Release|Any CPU
		{9069EE6D-D664-4AF8-B268-F23DA2767EC6}.Ad-Hoc|iPhoneSimulator.Deploy.0 = Release|Any CPU
		{9069EE6D-D664-4AF8-B268-F23DA2767EC6}.Ad-Hoc|x64.ActiveCfg = Release|Any CPU
		{9069EE6D-D664-4AF8-B268-F23DA2767EC6}.Ad-Hoc|x64.Build.0 = Release|Any CPU
		{9069EE6D-D664-4AF8-B268-F23DA2767EC6}.Ad-Hoc|x64.Deploy.0 = Release|Any CPU
		{9069EE6D-D664-4AF8-B268-F23DA2767EC6}.Ad-Hoc|x86.ActiveCfg = Release|x86
		{9069EE6D-D664-4AF8-B268-F23DA2767EC6}.Ad-Hoc|x86.Build.0 = Release|x86
		{9069EE6D-D664-4AF8-B268-F23DA2767EC6}.Ad-Hoc|x86.Deploy.0 = Release|x86
		{9069EE6D-D664-4AF8-B268-F23DA2767EC6}.AppStore|Any CPU.ActiveCfg = Release|Any CPU
		{9069EE6D-D664-4AF8-B268-F23DA2767EC6}.AppStore|Any CPU.Build.0 = Release|Any CPU
		{9069EE6D-D664-4AF8-B268-F23DA2767EC6}.AppStore|Any CPU.Deploy.0 = Release|Any CPU
		{9069EE6D-D664-4AF8-B268-F23DA2767EC6}.AppStore|ARM.ActiveCfg = Release|ARM
		{9069EE6D-D664-4AF8-B268-F23DA2767EC6}.AppStore|ARM.Build.0 = Release|ARM
		{9069EE6D-D664-4AF8-B268-F23DA2767EC6}.AppStore|ARM.Deploy.0 = Release|ARM
		{9069EE6D-D664-4AF8-B268-F23DA2767EC6}.AppStore|iPhone.ActiveCfg = Release|Any CPU
		{9069EE6D-D664-4AF8-B268-F23DA2767EC6}.AppStore|iPhone.Build.0 = Release|Any CPU
		{9069EE6D-D664-4AF8-B268-F23DA2767EC6}.AppStore|iPhone.Deploy.0 = Release|Any CPU
		{9069EE6D-D664-4AF8-B268-F23DA2767EC6}.AppStore|iPhoneSimulator.ActiveCfg = Release|Any CPU
		{9069EE6D-D664-4AF8-B268-F23DA2767EC6}.AppStore|iPhoneSimulator.Build.0 = Release|Any CPU
		{9069EE6D-D664-4AF8-B268-F23DA2767EC6}.AppStore|iPhoneSimulator.Deploy.0 = Release|Any CPU
		{9069EE6D-D664-4AF8-B268-F23DA2767EC6}.AppStore|x64.ActiveCfg = Release|Any CPU
		{9069EE6D-D664-4AF8-B268-F23DA2767EC6}.AppStore|x64.Build.0 = Release|Any CPU
		{9069EE6D-D664-4AF8-B268-F23DA2767EC6}.AppStore|x64.Deploy.0 = Release|Any CPU
		{9069EE6D-D664-4AF8-B268-F23DA2767EC6}.AppStore|x86.ActiveCfg = Release|x86
		{9069EE6D-D664-4AF8-B268-F23DA2767EC6}.AppStore|x86.Build.0 = Release|x86
		{9069EE6D-D664-4AF8-B268-F23DA2767EC6}.AppStore|x86.Deploy.0 = Release|x86
		{9069EE6D-D664-4AF8-B268-F23DA2767EC6}.Debug|Any CPU.ActiveCfg = Debug|Any CPU
		{9069EE6D-D664-4AF8-B268-F23DA2767EC6}.Debug|Any CPU.Build.0 = Debug|Any CPU
		{9069EE6D-D664-4AF8-B268-F23DA2767EC6}.Debug|Any CPU.Deploy.0 = Debug|Any CPU
		{9069EE6D-D664-4AF8-B268-F23DA2767EC6}.Debug|ARM.ActiveCfg = Debug|ARM
		{9069EE6D-D664-4AF8-B268-F23DA2767EC6}.Debug|ARM.Build.0 = Debug|ARM
		{9069EE6D-D664-4AF8-B268-F23DA2767EC6}.Debug|ARM.Deploy.0 = Debug|ARM
		{9069EE6D-D664-4AF8-B268-F23DA2767EC6}.Debug|iPhone.ActiveCfg = Debug|Any CPU
		{9069EE6D-D664-4AF8-B268-F23DA2767EC6}.Debug|iPhone.Build.0 = Debug|Any CPU
		{9069EE6D-D664-4AF8-B268-F23DA2767EC6}.Debug|iPhone.Deploy.0 = Debug|Any CPU
		{9069EE6D-D664-4AF8-B268-F23DA2767EC6}.Debug|iPhoneSimulator.ActiveCfg = Debug|Any CPU
		{9069EE6D-D664-4AF8-B268-F23DA2767EC6}.Debug|iPhoneSimulator.Build.0 = Debug|Any CPU
		{9069EE6D-D664-4AF8-B268-F23DA2767EC6}.Debug|iPhoneSimulator.Deploy.0 = Debug|Any CPU
		{9069EE6D-D664-4AF8-B268-F23DA2767EC6}.Debug|x64.ActiveCfg = Debug|Any CPU
		{9069EE6D-D664-4AF8-B268-F23DA2767EC6}.Debug|x64.Build.0 = Debug|Any CPU
		{9069EE6D-D664-4AF8-B268-F23DA2767EC6}.Debug|x64.Deploy.0 = Debug|Any CPU
		{9069EE6D-D664-4AF8-B268-F23DA2767EC6}.Debug|x86.ActiveCfg = Debug|x86
		{9069EE6D-D664-4AF8-B268-F23DA2767EC6}.Debug|x86.Build.0 = Debug|x86
		{9069EE6D-D664-4AF8-B268-F23DA2767EC6}.Debug|x86.Deploy.0 = Debug|x86
		{9069EE6D-D664-4AF8-B268-F23DA2767EC6}.Release|Any CPU.ActiveCfg = Release|Any CPU
		{9069EE6D-D664-4AF8-B268-F23DA2767EC6}.Release|Any CPU.Build.0 = Release|Any CPU
		{9069EE6D-D664-4AF8-B268-F23DA2767EC6}.Release|Any CPU.Deploy.0 = Release|Any CPU
		{9069EE6D-D664-4AF8-B268-F23DA2767EC6}.Release|ARM.ActiveCfg = Release|ARM
		{9069EE6D-D664-4AF8-B268-F23DA2767EC6}.Release|ARM.Build.0 = Release|ARM
		{9069EE6D-D664-4AF8-B268-F23DA2767EC6}.Release|ARM.Deploy.0 = Release|ARM
		{9069EE6D-D664-4AF8-B268-F23DA2767EC6}.Release|iPhone.ActiveCfg = Release|Any CPU
		{9069EE6D-D664-4AF8-B268-F23DA2767EC6}.Release|iPhone.Build.0 = Release|Any CPU
		{9069EE6D-D664-4AF8-B268-F23DA2767EC6}.Release|iPhone.Deploy.0 = Release|Any CPU
		{9069EE6D-D664-4AF8-B268-F23DA2767EC6}.Release|iPhoneSimulator.ActiveCfg = Release|Any CPU
		{9069EE6D-D664-4AF8-B268-F23DA2767EC6}.Release|iPhoneSimulator.Build.0 = Release|Any CPU
		{9069EE6D-D664-4AF8-B268-F23DA2767EC6}.Release|iPhoneSimulator.Deploy.0 = Release|Any CPU
		{9069EE6D-D664-4AF8-B268-F23DA2767EC6}.Release|x64.ActiveCfg = Release|Any CPU
		{9069EE6D-D664-4AF8-B268-F23DA2767EC6}.Release|x64.Build.0 = Release|Any CPU
		{9069EE6D-D664-4AF8-B268-F23DA2767EC6}.Release|x64.Deploy.0 = Release|Any CPU
		{9069EE6D-D664-4AF8-B268-F23DA2767EC6}.Release|x86.ActiveCfg = Release|x86
		{9069EE6D-D664-4AF8-B268-F23DA2767EC6}.Release|x86.Build.0 = Release|x86
		{9069EE6D-D664-4AF8-B268-F23DA2767EC6}.Release|x86.Deploy.0 = Release|x86
		{BD28D54A-1413-45FF-B520-67D2F2225427}.Ad-Hoc|Any CPU.ActiveCfg = Release|x86
		{BD28D54A-1413-45FF-B520-67D2F2225427}.Ad-Hoc|Any CPU.Build.0 = Release|x86
		{BD28D54A-1413-45FF-B520-67D2F2225427}.Ad-Hoc|Any CPU.Deploy.0 = Release|x86
		{BD28D54A-1413-45FF-B520-67D2F2225427}.Ad-Hoc|ARM.ActiveCfg = Release|ARM
		{BD28D54A-1413-45FF-B520-67D2F2225427}.Ad-Hoc|ARM.Build.0 = Release|ARM
		{BD28D54A-1413-45FF-B520-67D2F2225427}.Ad-Hoc|ARM.Deploy.0 = Release|ARM
		{BD28D54A-1413-45FF-B520-67D2F2225427}.Ad-Hoc|iPhone.ActiveCfg = Release|x86
		{BD28D54A-1413-45FF-B520-67D2F2225427}.Ad-Hoc|iPhone.Build.0 = Release|x86
		{BD28D54A-1413-45FF-B520-67D2F2225427}.Ad-Hoc|iPhone.Deploy.0 = Release|x86
		{BD28D54A-1413-45FF-B520-67D2F2225427}.Ad-Hoc|iPhoneSimulator.ActiveCfg = Release|x86
		{BD28D54A-1413-45FF-B520-67D2F2225427}.Ad-Hoc|iPhoneSimulator.Build.0 = Release|x86
		{BD28D54A-1413-45FF-B520-67D2F2225427}.Ad-Hoc|iPhoneSimulator.Deploy.0 = Release|x86
		{BD28D54A-1413-45FF-B520-67D2F2225427}.Ad-Hoc|x64.ActiveCfg = Release|x64
		{BD28D54A-1413-45FF-B520-67D2F2225427}.Ad-Hoc|x64.Build.0 = Release|x64
		{BD28D54A-1413-45FF-B520-67D2F2225427}.Ad-Hoc|x64.Deploy.0 = Release|x64
		{BD28D54A-1413-45FF-B520-67D2F2225427}.Ad-Hoc|x86.ActiveCfg = Release|x86
		{BD28D54A-1413-45FF-B520-67D2F2225427}.Ad-Hoc|x86.Build.0 = Release|x86
		{BD28D54A-1413-45FF-B520-67D2F2225427}.Ad-Hoc|x86.Deploy.0 = Release|x86
		{BD28D54A-1413-45FF-B520-67D2F2225427}.AppStore|Any CPU.ActiveCfg = Release|x86
		{BD28D54A-1413-45FF-B520-67D2F2225427}.AppStore|Any CPU.Build.0 = Release|x86
		{BD28D54A-1413-45FF-B520-67D2F2225427}.AppStore|Any CPU.Deploy.0 = Release|x86
		{BD28D54A-1413-45FF-B520-67D2F2225427}.AppStore|ARM.ActiveCfg = Release|ARM
		{BD28D54A-1413-45FF-B520-67D2F2225427}.AppStore|ARM.Build.0 = Release|ARM
		{BD28D54A-1413-45FF-B520-67D2F2225427}.AppStore|ARM.Deploy.0 = Release|ARM
		{BD28D54A-1413-45FF-B520-67D2F2225427}.AppStore|iPhone.ActiveCfg = Release|x86
		{BD28D54A-1413-45FF-B520-67D2F2225427}.AppStore|iPhone.Build.0 = Release|x86
		{BD28D54A-1413-45FF-B520-67D2F2225427}.AppStore|iPhone.Deploy.0 = Release|x86
		{BD28D54A-1413-45FF-B520-67D2F2225427}.AppStore|iPhoneSimulator.ActiveCfg = Release|x86
		{BD28D54A-1413-45FF-B520-67D2F2225427}.AppStore|iPhoneSimulator.Build.0 = Release|x86
		{BD28D54A-1413-45FF-B520-67D2F2225427}.AppStore|iPhoneSimulator.Deploy.0 = Release|x86
		{BD28D54A-1413-45FF-B520-67D2F2225427}.AppStore|x64.ActiveCfg = Release|x64
		{BD28D54A-1413-45FF-B520-67D2F2225427}.AppStore|x64.Build.0 = Release|x64
		{BD28D54A-1413-45FF-B520-67D2F2225427}.AppStore|x64.Deploy.0 = Release|x64
		{BD28D54A-1413-45FF-B520-67D2F2225427}.AppStore|x86.ActiveCfg = Release|x86
		{BD28D54A-1413-45FF-B520-67D2F2225427}.AppStore|x86.Build.0 = Release|x86
		{BD28D54A-1413-45FF-B520-67D2F2225427}.AppStore|x86.Deploy.0 = Release|x86
		{BD28D54A-1413-45FF-B520-67D2F2225427}.Debug|Any CPU.ActiveCfg = Debug|x86
		{BD28D54A-1413-45FF-B520-67D2F2225427}.Debug|ARM.ActiveCfg = Debug|ARM
		{BD28D54A-1413-45FF-B520-67D2F2225427}.Debug|ARM.Build.0 = Debug|ARM
		{BD28D54A-1413-45FF-B520-67D2F2225427}.Debug|ARM.Deploy.0 = Debug|ARM
		{BD28D54A-1413-45FF-B520-67D2F2225427}.Debug|iPhone.ActiveCfg = Debug|x86
		{BD28D54A-1413-45FF-B520-67D2F2225427}.Debug|iPhoneSimulator.ActiveCfg = Debug|x86
		{BD28D54A-1413-45FF-B520-67D2F2225427}.Debug|x64.ActiveCfg = Debug|x64
		{BD28D54A-1413-45FF-B520-67D2F2225427}.Debug|x64.Build.0 = Debug|x64
		{BD28D54A-1413-45FF-B520-67D2F2225427}.Debug|x64.Deploy.0 = Debug|x64
		{BD28D54A-1413-45FF-B520-67D2F2225427}.Debug|x86.ActiveCfg = Debug|x86
		{BD28D54A-1413-45FF-B520-67D2F2225427}.Debug|x86.Build.0 = Debug|x86
		{BD28D54A-1413-45FF-B520-67D2F2225427}.Debug|x86.Deploy.0 = Debug|x86
		{BD28D54A-1413-45FF-B520-67D2F2225427}.Release|Any CPU.ActiveCfg = Release|x86
		{BD28D54A-1413-45FF-B520-67D2F2225427}.Release|ARM.ActiveCfg = Release|ARM
		{BD28D54A-1413-45FF-B520-67D2F2225427}.Release|ARM.Build.0 = Release|ARM
		{BD28D54A-1413-45FF-B520-67D2F2225427}.Release|ARM.Deploy.0 = Release|ARM
		{BD28D54A-1413-45FF-B520-67D2F2225427}.Release|iPhone.ActiveCfg = Release|x86
		{BD28D54A-1413-45FF-B520-67D2F2225427}.Release|iPhoneSimulator.ActiveCfg = Release|x86
		{BD28D54A-1413-45FF-B520-67D2F2225427}.Release|x64.ActiveCfg = Release|x64
		{BD28D54A-1413-45FF-B520-67D2F2225427}.Release|x64.Build.0 = Release|x64
		{BD28D54A-1413-45FF-B520-67D2F2225427}.Release|x64.Deploy.0 = Release|x64
		{BD28D54A-1413-45FF-B520-67D2F2225427}.Release|x86.ActiveCfg = Release|x86
		{BD28D54A-1413-45FF-B520-67D2F2225427}.Release|x86.Build.0 = Release|x86
		{BD28D54A-1413-45FF-B520-67D2F2225427}.Release|x86.Deploy.0 = Release|x86
		{FC5C5477-0A1B-40B1-B1F8-EE9B44585648}.Ad-Hoc|Any CPU.ActiveCfg = Release|Any CPU
		{FC5C5477-0A1B-40B1-B1F8-EE9B44585648}.Ad-Hoc|Any CPU.Build.0 = Release|Any CPU
		{FC5C5477-0A1B-40B1-B1F8-EE9B44585648}.Ad-Hoc|Any CPU.Deploy.0 = Release|Any CPU
		{FC5C5477-0A1B-40B1-B1F8-EE9B44585648}.Ad-Hoc|ARM.ActiveCfg = Release|ARM
		{FC5C5477-0A1B-40B1-B1F8-EE9B44585648}.Ad-Hoc|ARM.Build.0 = Release|ARM
		{FC5C5477-0A1B-40B1-B1F8-EE9B44585648}.Ad-Hoc|ARM.Deploy.0 = Release|ARM
		{FC5C5477-0A1B-40B1-B1F8-EE9B44585648}.Ad-Hoc|iPhone.ActiveCfg = Release|Any CPU
		{FC5C5477-0A1B-40B1-B1F8-EE9B44585648}.Ad-Hoc|iPhone.Build.0 = Release|Any CPU
		{FC5C5477-0A1B-40B1-B1F8-EE9B44585648}.Ad-Hoc|iPhone.Deploy.0 = Release|Any CPU
		{FC5C5477-0A1B-40B1-B1F8-EE9B44585648}.Ad-Hoc|iPhoneSimulator.ActiveCfg = Release|Any CPU
		{FC5C5477-0A1B-40B1-B1F8-EE9B44585648}.Ad-Hoc|iPhoneSimulator.Build.0 = Release|Any CPU
		{FC5C5477-0A1B-40B1-B1F8-EE9B44585648}.Ad-Hoc|iPhoneSimulator.Deploy.0 = Release|Any CPU
		{FC5C5477-0A1B-40B1-B1F8-EE9B44585648}.Ad-Hoc|x64.ActiveCfg = Release|x64
		{FC5C5477-0A1B-40B1-B1F8-EE9B44585648}.Ad-Hoc|x64.Build.0 = Release|x64
		{FC5C5477-0A1B-40B1-B1F8-EE9B44585648}.Ad-Hoc|x64.Deploy.0 = Release|x64
		{FC5C5477-0A1B-40B1-B1F8-EE9B44585648}.Ad-Hoc|x86.ActiveCfg = Release|x86
		{FC5C5477-0A1B-40B1-B1F8-EE9B44585648}.Ad-Hoc|x86.Build.0 = Release|x86
		{FC5C5477-0A1B-40B1-B1F8-EE9B44585648}.Ad-Hoc|x86.Deploy.0 = Release|x86
		{FC5C5477-0A1B-40B1-B1F8-EE9B44585648}.AppStore|Any CPU.ActiveCfg = Release|Any CPU
		{FC5C5477-0A1B-40B1-B1F8-EE9B44585648}.AppStore|Any CPU.Build.0 = Release|Any CPU
		{FC5C5477-0A1B-40B1-B1F8-EE9B44585648}.AppStore|Any CPU.Deploy.0 = Release|Any CPU
		{FC5C5477-0A1B-40B1-B1F8-EE9B44585648}.AppStore|ARM.ActiveCfg = Release|ARM
		{FC5C5477-0A1B-40B1-B1F8-EE9B44585648}.AppStore|ARM.Build.0 = Release|ARM
		{FC5C5477-0A1B-40B1-B1F8-EE9B44585648}.AppStore|ARM.Deploy.0 = Release|ARM
		{FC5C5477-0A1B-40B1-B1F8-EE9B44585648}.AppStore|iPhone.ActiveCfg = Release|Any CPU
		{FC5C5477-0A1B-40B1-B1F8-EE9B44585648}.AppStore|iPhone.Build.0 = Release|Any CPU
		{FC5C5477-0A1B-40B1-B1F8-EE9B44585648}.AppStore|iPhone.Deploy.0 = Release|Any CPU
		{FC5C5477-0A1B-40B1-B1F8-EE9B44585648}.AppStore|iPhoneSimulator.ActiveCfg = Release|Any CPU
		{FC5C5477-0A1B-40B1-B1F8-EE9B44585648}.AppStore|iPhoneSimulator.Build.0 = Release|Any CPU
		{FC5C5477-0A1B-40B1-B1F8-EE9B44585648}.AppStore|iPhoneSimulator.Deploy.0 = Release|Any CPU
		{FC5C5477-0A1B-40B1-B1F8-EE9B44585648}.AppStore|x64.ActiveCfg = Release|x64
		{FC5C5477-0A1B-40B1-B1F8-EE9B44585648}.AppStore|x64.Build.0 = Release|x64
		{FC5C5477-0A1B-40B1-B1F8-EE9B44585648}.AppStore|x64.Deploy.0 = Release|x64
		{FC5C5477-0A1B-40B1-B1F8-EE9B44585648}.AppStore|x86.ActiveCfg = Release|x86
		{FC5C5477-0A1B-40B1-B1F8-EE9B44585648}.AppStore|x86.Build.0 = Release|x86
		{FC5C5477-0A1B-40B1-B1F8-EE9B44585648}.AppStore|x86.Deploy.0 = Release|x86
		{FC5C5477-0A1B-40B1-B1F8-EE9B44585648}.Debug|Any CPU.ActiveCfg = Debug|Any CPU
		{FC5C5477-0A1B-40B1-B1F8-EE9B44585648}.Debug|Any CPU.Build.0 = Debug|Any CPU
		{FC5C5477-0A1B-40B1-B1F8-EE9B44585648}.Debug|Any CPU.Deploy.0 = Debug|Any CPU
		{FC5C5477-0A1B-40B1-B1F8-EE9B44585648}.Debug|ARM.ActiveCfg = Debug|ARM
		{FC5C5477-0A1B-40B1-B1F8-EE9B44585648}.Debug|ARM.Build.0 = Debug|ARM
		{FC5C5477-0A1B-40B1-B1F8-EE9B44585648}.Debug|ARM.Deploy.0 = Debug|ARM
		{FC5C5477-0A1B-40B1-B1F8-EE9B44585648}.Debug|iPhone.ActiveCfg = Debug|Any CPU
		{FC5C5477-0A1B-40B1-B1F8-EE9B44585648}.Debug|iPhone.Build.0 = Debug|Any CPU
		{FC5C5477-0A1B-40B1-B1F8-EE9B44585648}.Debug|iPhone.Deploy.0 = Debug|Any CPU
		{FC5C5477-0A1B-40B1-B1F8-EE9B44585648}.Debug|iPhoneSimulator.ActiveCfg = Debug|Any CPU
		{FC5C5477-0A1B-40B1-B1F8-EE9B44585648}.Debug|iPhoneSimulator.Build.0 = Debug|Any CPU
		{FC5C5477-0A1B-40B1-B1F8-EE9B44585648}.Debug|iPhoneSimulator.Deploy.0 = Debug|Any CPU
		{FC5C5477-0A1B-40B1-B1F8-EE9B44585648}.Debug|x64.ActiveCfg = Debug|x64
		{FC5C5477-0A1B-40B1-B1F8-EE9B44585648}.Debug|x64.Build.0 = Debug|x64
		{FC5C5477-0A1B-40B1-B1F8-EE9B44585648}.Debug|x64.Deploy.0 = Debug|x64
		{FC5C5477-0A1B-40B1-B1F8-EE9B44585648}.Debug|x86.ActiveCfg = Debug|x86
		{FC5C5477-0A1B-40B1-B1F8-EE9B44585648}.Debug|x86.Build.0 = Debug|x86
		{FC5C5477-0A1B-40B1-B1F8-EE9B44585648}.Debug|x86.Deploy.0 = Debug|x86
		{FC5C5477-0A1B-40B1-B1F8-EE9B44585648}.Release|Any CPU.ActiveCfg = Release|Any CPU
		{FC5C5477-0A1B-40B1-B1F8-EE9B44585648}.Release|Any CPU.Build.0 = Release|Any CPU
		{FC5C5477-0A1B-40B1-B1F8-EE9B44585648}.Release|Any CPU.Deploy.0 = Release|Any CPU
		{FC5C5477-0A1B-40B1-B1F8-EE9B44585648}.Release|ARM.ActiveCfg = Release|ARM
		{FC5C5477-0A1B-40B1-B1F8-EE9B44585648}.Release|ARM.Build.0 = Release|ARM
		{FC5C5477-0A1B-40B1-B1F8-EE9B44585648}.Release|ARM.Deploy.0 = Release|ARM
		{FC5C5477-0A1B-40B1-B1F8-EE9B44585648}.Release|iPhone.ActiveCfg = Release|Any CPU
		{FC5C5477-0A1B-40B1-B1F8-EE9B44585648}.Release|iPhone.Build.0 = Release|Any CPU
		{FC5C5477-0A1B-40B1-B1F8-EE9B44585648}.Release|iPhone.Deploy.0 = Release|Any CPU
		{FC5C5477-0A1B-40B1-B1F8-EE9B44585648}.Release|iPhoneSimulator.ActiveCfg = Release|Any CPU
		{FC5C5477-0A1B-40B1-B1F8-EE9B44585648}.Release|iPhoneSimulator.Build.0 = Release|Any CPU
		{FC5C5477-0A1B-40B1-B1F8-EE9B44585648}.Release|iPhoneSimulator.Deploy.0 = Release|Any CPU
		{FC5C5477-0A1B-40B1-B1F8-EE9B44585648}.Release|x64.ActiveCfg = Release|x64
		{FC5C5477-0A1B-40B1-B1F8-EE9B44585648}.Release|x64.Build.0 = Release|x64
		{FC5C5477-0A1B-40B1-B1F8-EE9B44585648}.Release|x64.Deploy.0 = Release|x64
		{FC5C5477-0A1B-40B1-B1F8-EE9B44585648}.Release|x86.ActiveCfg = Release|x86
		{FC5C5477-0A1B-40B1-B1F8-EE9B44585648}.Release|x86.Build.0 = Release|x86
		{FC5C5477-0A1B-40B1-B1F8-EE9B44585648}.Release|x86.Deploy.0 = Release|x86
		{3E8F8C21-792D-42A1-B875-3D2CE03350E0}.Ad-Hoc|Any CPU.ActiveCfg = Release|Any CPU
		{3E8F8C21-792D-42A1-B875-3D2CE03350E0}.Ad-Hoc|Any CPU.Build.0 = Release|Any CPU
		{3E8F8C21-792D-42A1-B875-3D2CE03350E0}.Ad-Hoc|ARM.ActiveCfg = Release|Any CPU
		{3E8F8C21-792D-42A1-B875-3D2CE03350E0}.Ad-Hoc|ARM.Build.0 = Release|Any CPU
		{3E8F8C21-792D-42A1-B875-3D2CE03350E0}.Ad-Hoc|iPhone.ActiveCfg = Release|Any CPU
		{3E8F8C21-792D-42A1-B875-3D2CE03350E0}.Ad-Hoc|iPhone.Build.0 = Release|Any CPU
		{3E8F8C21-792D-42A1-B875-3D2CE03350E0}.Ad-Hoc|iPhoneSimulator.ActiveCfg = Release|Any CPU
		{3E8F8C21-792D-42A1-B875-3D2CE03350E0}.Ad-Hoc|iPhoneSimulator.Build.0 = Release|Any CPU
		{3E8F8C21-792D-42A1-B875-3D2CE03350E0}.Ad-Hoc|x64.ActiveCfg = Release|Any CPU
		{3E8F8C21-792D-42A1-B875-3D2CE03350E0}.Ad-Hoc|x64.Build.0 = Release|Any CPU
		{3E8F8C21-792D-42A1-B875-3D2CE03350E0}.Ad-Hoc|x86.ActiveCfg = Release|Any CPU
		{3E8F8C21-792D-42A1-B875-3D2CE03350E0}.Ad-Hoc|x86.Build.0 = Release|Any CPU
		{3E8F8C21-792D-42A1-B875-3D2CE03350E0}.AppStore|Any CPU.ActiveCfg = Release|Any CPU
		{3E8F8C21-792D-42A1-B875-3D2CE03350E0}.AppStore|Any CPU.Build.0 = Release|Any CPU
		{3E8F8C21-792D-42A1-B875-3D2CE03350E0}.AppStore|ARM.ActiveCfg = Release|Any CPU
		{3E8F8C21-792D-42A1-B875-3D2CE03350E0}.AppStore|ARM.Build.0 = Release|Any CPU
		{3E8F8C21-792D-42A1-B875-3D2CE03350E0}.AppStore|iPhone.ActiveCfg = Release|Any CPU
		{3E8F8C21-792D-42A1-B875-3D2CE03350E0}.AppStore|iPhone.Build.0 = Release|Any CPU
		{3E8F8C21-792D-42A1-B875-3D2CE03350E0}.AppStore|iPhoneSimulator.ActiveCfg = Release|Any CPU
		{3E8F8C21-792D-42A1-B875-3D2CE03350E0}.AppStore|iPhoneSimulator.Build.0 = Release|Any CPU
		{3E8F8C21-792D-42A1-B875-3D2CE03350E0}.AppStore|x64.ActiveCfg = Release|Any CPU
		{3E8F8C21-792D-42A1-B875-3D2CE03350E0}.AppStore|x64.Build.0 = Release|Any CPU
		{3E8F8C21-792D-42A1-B875-3D2CE03350E0}.AppStore|x86.ActiveCfg = Release|Any CPU
		{3E8F8C21-792D-42A1-B875-3D2CE03350E0}.AppStore|x86.Build.0 = Release|Any CPU
		{3E8F8C21-792D-42A1-B875-3D2CE03350E0}.Debug|Any CPU.ActiveCfg = Debug|Any CPU
		{3E8F8C21-792D-42A1-B875-3D2CE03350E0}.Debug|Any CPU.Build.0 = Debug|Any CPU
		{3E8F8C21-792D-42A1-B875-3D2CE03350E0}.Debug|ARM.ActiveCfg = Debug|Any CPU
		{3E8F8C21-792D-42A1-B875-3D2CE03350E0}.Debug|ARM.Build.0 = Debug|Any CPU
		{3E8F8C21-792D-42A1-B875-3D2CE03350E0}.Debug|iPhone.ActiveCfg = Debug|Any CPU
		{3E8F8C21-792D-42A1-B875-3D2CE03350E0}.Debug|iPhone.Build.0 = Debug|Any CPU
		{3E8F8C21-792D-42A1-B875-3D2CE03350E0}.Debug|iPhoneSimulator.ActiveCfg = Debug|Any CPU
		{3E8F8C21-792D-42A1-B875-3D2CE03350E0}.Debug|iPhoneSimulator.Build.0 = Debug|Any CPU
		{3E8F8C21-792D-42A1-B875-3D2CE03350E0}.Debug|x64.ActiveCfg = Debug|Any CPU
		{3E8F8C21-792D-42A1-B875-3D2CE03350E0}.Debug|x64.Build.0 = Debug|Any CPU
		{3E8F8C21-792D-42A1-B875-3D2CE03350E0}.Debug|x86.ActiveCfg = Debug|Any CPU
		{3E8F8C21-792D-42A1-B875-3D2CE03350E0}.Debug|x86.Build.0 = Debug|Any CPU
		{3E8F8C21-792D-42A1-B875-3D2CE03350E0}.Release|Any CPU.ActiveCfg = Release|Any CPU
		{3E8F8C21-792D-42A1-B875-3D2CE03350E0}.Release|Any CPU.Build.0 = Release|Any CPU
		{3E8F8C21-792D-42A1-B875-3D2CE03350E0}.Release|ARM.ActiveCfg = Release|Any CPU
		{3E8F8C21-792D-42A1-B875-3D2CE03350E0}.Release|ARM.Build.0 = Release|Any CPU
		{3E8F8C21-792D-42A1-B875-3D2CE03350E0}.Release|iPhone.ActiveCfg = Release|Any CPU
		{3E8F8C21-792D-42A1-B875-3D2CE03350E0}.Release|iPhone.Build.0 = Release|Any CPU
		{3E8F8C21-792D-42A1-B875-3D2CE03350E0}.Release|iPhoneSimulator.ActiveCfg = Release|Any CPU
		{3E8F8C21-792D-42A1-B875-3D2CE03350E0}.Release|iPhoneSimulator.Build.0 = Release|Any CPU
		{3E8F8C21-792D-42A1-B875-3D2CE03350E0}.Release|x64.ActiveCfg = Release|Any CPU
		{3E8F8C21-792D-42A1-B875-3D2CE03350E0}.Release|x64.Build.0 = Release|Any CPU
		{3E8F8C21-792D-42A1-B875-3D2CE03350E0}.Release|x86.ActiveCfg = Release|Any CPU
		{3E8F8C21-792D-42A1-B875-3D2CE03350E0}.Release|x86.Build.0 = Release|Any CPU
	EndGlobalSection
	GlobalSection(SolutionProperties) = preSolution
		HideSolutionNode = FALSE
	EndGlobalSection
EndGlobal
